
Microsoft Visual Studio Solution File, Format Version 12.00
Project("{FAE04EC0-301F-11D3-BF4B-00C04F79EFBC}") = "StayOnTarget", "StayOnTarget\StayOnTarget.csproj", "{C7C893A1-F57D-408B-94E5-62884DE340BD}"
EndProject
Project("{FAE04EC0-301F-11D3-BF4B-00C04F79EFBC}") = "StayOnTarget.Tests", "StayOnTarget.Tests\StayOnTarget.Tests.csproj", "{3A601A95-F465-4931-8BC9-EC306D61FB96}"
EndProject
Global
	GlobalSection(SolutionConfigurationPlatforms) = preSolution
		Debug|Any CPU = Debug|Any CPU
		Release|Any CPU = Release|Any CPU
	EndGlobalSection
	GlobalSection(ProjectConfigurationPlatforms) = postSolution
		{C7C893A1-F57D-408B-94E5-62884DE340BD}.Debug|Any CPU.ActiveCfg = Debug|Any CPU
		{C7C893A1-F57D-408B-94E5-62884DE340BD}.Debug|Any CPU.Build.0 = Debug|Any CPU
		{C7C893A1-F57D-408B-94E5-62884DE340BD}.Release|Any CPU.ActiveCfg = Release|Any CPU
		{C7C893A1-F57D-408B-94E5-62884DE340BD}.Release|Any CPU.Build.0 = Release|Any CPU
		{3A601A95-F465-4931-8BC9-EC306D61FB96}.Debug|Any CPU.ActiveCfg = Debug|Any CPU
		{3A601A95-F465-4931-8BC9-EC306D61FB96}.Debug|Any CPU.Build.0 = Debug|Any CPU
		{3A601A95-F465-4931-8BC9-EC306D61FB96}.Release|Any CPU.ActiveCfg = Release|Any CPU
		{3A601A95-F465-4931-8BC9-EC306D61FB96}.Release|Any CPU.Build.0 = Release|Any CPU
	EndGlobalSection
EndGlobal
